PODS:
  - Alamofire (5.5.0)
  - CocoaDebug (1.7.2)
  - Kingfisher (7.1.2)
  - SwiftLint (0.46.1)

DEPENDENCIES:
  - Alamofire (~> 5.5)
  - CocoaDebug
  - Kingfisher (~> 7.0)
  - SwiftLint

SPEC REPOS:
  trunk:
    - Alamofire
    - CocoaDebug
    - Kingfisher
    - SwiftLint

SPEC CHECKSUMS:
  Alamofire: 1c4fb5369c3fe93d2857c780d8bbe09f06f97e7c
  CocoaDebug: 61cf93ada6ce8f3407507dc01f9b874d91ac1d5c
  Kingfisher: 44ed6a8504763f27bab46163adfac83f5deb240c
  SwiftLint: aaa29a9f649316095a9079595cb60906bd899353

PODFILE CHECKSUM: e7628198146e82b71058b22650e27a9873245b0d

COCOAPODS: 1.11.2
