// !$*UTF8*$!
{
	archiveVersion = 1;
	classes = {
	};
	objectVersion = 55;
	objects = {

/* Begin PBXBuildFile section */
		8352F8322785E7D700A24BF7 /* DynamicStringNames.swift in Sources */ = {isa = PBXBuildFile; fileRef = 8352F8312785E7D700A24BF7 /* DynamicStringNames.swift */; };
		83BA215827859543009F22FF /* AppDelegate.swift in Sources */ = {isa = PBXBuildFile; fileRef = 83BA215727859543009F22FF /* AppDelegate.swift */; };
		83BA215A27859543009F22FF /* SceneDelegate.swift in Sources */ = {isa = PBXBuildFile; fileRef = 83BA215927859543009F22FF /* SceneDelegate.swift */; };
		83BA215C27859543009F22FF /* ViewController.swift in Sources */ = {isa = PBXBuildFile; fileRef = 83BA215B27859543009F22FF /* ViewController.swift */; };
		83BA215F27859543009F22FF /* PopularMovies.storyboard in Resources */ = {isa = PBXBuildFile; fileRef = 83BA215D27859543009F22FF /* PopularMovies.storyboard */; };
		83BA21612785954B009F22FF /* Assets.xcassets in Resources */ = {isa = PBXBuildFile; fileRef = 83BA21602785954B009F22FF /* Assets.xcassets */; };
		83BA216D2785B7FF009F22FF /* Alamofire in Frameworks */ = {isa = PBXBuildFile; productRef = 83BA216C2785B7FF009F22FF /* Alamofire */; };
		83BA21702785B875009F22FF /* SplashScreen.storyboard in Resources */ = {isa = PBXBuildFile; fileRef = 83BA216F2785B875009F22FF /* SplashScreen.storyboard */; };
		83BA21812785C675009F22FF /* PopularMoviesCollectionViewCell.swift in Sources */ = {isa = PBXBuildFile; fileRef = 83BA21802785C675009F22FF /* PopularMoviesCollectionViewCell.swift */; };
		83BA21892785D6BD009F22FF /* PopularMoviesHeaderCollectionReusableView.swift in Sources */ = {isa = PBXBuildFile; fileRef = 83BA21882785D6BD009F22FF /* PopularMoviesHeaderCollectionReusableView.swift */; };
/* End PBXBuildFile section */

/* Begin PBXFileReference section */
		8352F8312785E7D700A24BF7 /* DynamicStringNames.swift */ = {isa = PBXFileReference; lastKnownFileType = sourcecode.swift; path = DynamicStringNames.swift; sourceTree = "<group>"; };
		83BA215427859543009F22FF /* Movee-App.app */ = {isa = PBXFileReference; explicitFileType = wrapper.application; includeInIndex = 0; path = "Movee-App.app"; sourceTree = BUILT_PRODUCTS_DIR; };
		83BA215727859543009F22FF /* AppDelegate.swift */ = {isa = PBXFileReference; lastKnownFileType = sourcecode.swift; path = AppDelegate.swift; sourceTree = "<group>"; };
		83BA215927859543009F22FF /* SceneDelegate.swift */ = {isa = PBXFileReference; lastKnownFileType = sourcecode.swift; path = SceneDelegate.swift; sourceTree = "<group>"; };
		83BA215B27859543009F22FF /* ViewController.swift */ = {isa = PBXFileReference; lastKnownFileType = sourcecode.swift; path = ViewController.swift; sourceTree = "<group>"; };
		83BA215E27859543009F22FF /* Base */ = {isa = PBXFileReference; lastKnownFileType = file.storyboard; name = Base; path = Base.lproj/PopularMovies.storyboard; sourceTree = "<group>"; };
		83BA21602785954B009F22FF /* Assets.xcassets */ = {isa = PBXFileReference; lastKnownFileType = folder.assetcatalog; path = Assets.xcassets; sourceTree = "<group>"; };
		83BA21652785954B009F22FF /* Info.plist */ = {isa = PBXFileReference; lastKnownFileType = text.plist.xml; path = Info.plist; sourceTree = "<group>"; };
		83BA216F2785B875009F22FF /* SplashScreen.storyboard */ = {isa = PBXFileReference; lastKnownFileType = file.storyboard; path = SplashScreen.storyboard; sourceTree = "<group>"; };
		83BA21802785C675009F22FF /* PopularMoviesCollectionViewCell.swift */ = {isa = PBXFileReference; lastKnownFileType = sourcecode.swift; path = PopularMoviesCollectionViewCell.swift; sourceTree = "<group>"; };
		83BA21882785D6BD009F22FF /* PopularMoviesHeaderCollectionReusableView.swift */ = {isa = PBXFileReference; lastKnownFileType = sourcecode.swift; path = PopularMoviesHeaderCollectionReusableView.swift; sourceTree = "<group>"; };
/* End PBXFileReference section */

/* Begin PBXFrameworksBuildPhase section */
		83BA215127859543009F22FF /* Frameworks */ = {
			isa = PBXFrameworksBuildPhase;
			buildActionMask = 2147483647;
			files = (
				83BA216D2785B7FF009F22FF /* Alamofire in Frameworks */,
			);
			runOnlyForDeploymentPostprocessing = 0;
		};
/* End PBXFrameworksBuildPhase section */

/* Begin PBXGroup section */
		8352F8302785E7CB00A24BF7 /* Utils */ = {
			isa = PBXGroup;
			children = (
				8352F8312785E7D700A24BF7 /* DynamicStringNames.swift */,
			);
			path = Utils;
			sourceTree = "<group>";
		};
		83BA214B27859543009F22FF = {
			isa = PBXGroup;
			children = (
				83BA215627859543009F22FF /* Movee-App */,
				83BA215527859543009F22FF /* Products */,
			);
			sourceTree = "<group>";
		};
		83BA215527859543009F22FF /* Products */ = {
			isa = PBXGroup;
			children = (
				83BA215427859543009F22FF /* Movee-App.app */,
			);
			name = Products;
			sourceTree = "<group>";
		};
		83BA215627859543009F22FF /* Movee-App */ = {
			isa = PBXGroup;
			children = (
				83BA21652785954B009F22FF /* Info.plist */,
				83BA21732785C2A7009F22FF /* PopularMovies */,
				83BA21772785C595009F22FF /* Components */,
				8352F8302785E7CB00A24BF7 /* Utils */,
				83BA21712785C1B4009F22FF /* App&SceneDelegate */,
				83BA216E2785B863009F22FF /* SplashScreen */,
				83BA21722785C1C5009F22FF /* Others */,
			);
			path = "Movee-App";
			sourceTree = "<group>";
		};
		83BA216E2785B863009F22FF /* SplashScreen */ = {
			isa = PBXGroup;
			children = (
				83BA216F2785B875009F22FF /* SplashScreen.storyboard */,
			);
			path = SplashScreen;
			sourceTree = "<group>";
		};
		83BA21712785C1B4009F22FF /* App&SceneDelegate */ = {
			isa = PBXGroup;
			children = (
				83BA215727859543009F22FF /* AppDelegate.swift */,
				83BA215927859543009F22FF /* SceneDelegate.swift */,
			);
			path = "App&SceneDelegate";
			sourceTree = "<group>";
		};
		83BA21722785C1C5009F22FF /* Others */ = {
			isa = PBXGroup;
			children = (
				83BA21602785954B009F22FF /* Assets.xcassets */,
			);
			path = Others;
			sourceTree = "<group>";
		};
		83BA21732785C2A7009F22FF /* PopularMovies */ = {
			isa = PBXGroup;
			children = (
				83BA21742785C2B5009F22FF /* ViewController */,
				83BA21752785C2CD009F22FF /* PopularMoviesStoryBoard */,
			);
			path = PopularMovies;
			sourceTree = "<group>";
		};
		83BA21742785C2B5009F22FF /* ViewController */ = {
			isa = PBXGroup;
			children = (
				83BA215B27859543009F22FF /* ViewController.swift */,
			);
			path = ViewController;
			sourceTree = "<group>";
		};
		83BA21752785C2CD009F22FF /* PopularMoviesStoryBoard */ = {
			isa = PBXGroup;
			children = (
				83BA215D27859543009F22FF /* PopularMovies.storyboard */,
			);
			path = PopularMoviesStoryBoard;
			sourceTree = "<group>";
		};
		83BA21772785C595009F22FF /* Components */ = {
			isa = PBXGroup;
			children = (
				83BA21782785C5CC009F22FF /* PopularMoviesCollectionView */,
			);
			path = Components;
			sourceTree = "<group>";
		};
		83BA21782785C5CC009F22FF /* PopularMoviesCollectionView */ = {
			isa = PBXGroup;
			children = (
				83BA21852785D664009F22FF /* PopularMoviesHeaderReuseable */,
				83BA217F2785C635009F22FF /* PopularMoviesCollectionViewCell */,
			);
			path = PopularMoviesCollectionView;
			sourceTree = "<group>";
		};
		83BA217F2785C635009F22FF /* PopularMoviesCollectionViewCell */ = {
			isa = PBXGroup;
			children = (
				83BA21802785C675009F22FF /* PopularMoviesCollectionViewCell.swift */,
			);
			path = PopularMoviesCollectionViewCell;
			sourceTree = "<group>";
		};
		83BA21852785D664009F22FF /* PopularMoviesHeaderReuseable */ = {
			isa = PBXGroup;
			children = (
				83BA21882785D6BD009F22FF /* PopularMoviesHeaderCollectionReusableView.swift */,
			);
			path = PopularMoviesHeaderReuseable;
			sourceTree = "<group>";
		};
/* End PBXGroup section */

/* Begin PBXNativeTarget section */
		83BA215327859543009F22FF /* Movee-App */ = {
			isa = PBXNativeTarget;
			buildConfigurationList = 83BA21682785954B009F22FF /* Build configuration list for PBXNativeTarget "Movee-App" */;
			buildPhases = (
				83BA215027859543009F22FF /* Sources */,
				83BA215127859543009F22FF /* Frameworks */,
				83BA215227859543009F22FF /* Resources */,
			);
			buildRules = (
			);
			dependencies = (
			);
			name = "Movee-App";
			packageProductDependencies = (
				83BA216C2785B7FF009F22FF /* Alamofire */,
			);
			productName = "Movee-App";
			productReference = 83BA215427859543009F22FF /* Movee-App.app */;
			productType = "com.apple.product-type.application";
		};
/* End PBXNativeTarget section */

/* Begin PBXProject section */
		83BA214C27859543009F22FF /* Project object */ = {
			isa = PBXProject;
			attributes = {
				BuildIndependentTargetsInParallel = 1;
				LastSwiftUpdateCheck = 1300;
				LastUpgradeCheck = 1300;
				TargetAttributes = {
					83BA215327859543009F22FF = {
						CreatedOnToolsVersion = 13.0;
					};
				};
			};
			buildConfigurationList = 83BA214F27859543009F22FF /* Build configuration list for PBXProject "Movee-App" */;
			compatibilityVersion = "Xcode 13.0";
			developmentRegion = en;
			hasScannedForEncodings = 0;
			knownRegions = (
				en,
				Base,
			);
			mainGroup = 83BA214B27859543009F22FF;
			packageReferences = (
				83BA216B2785B7FF009F22FF /* XCRemoteSwiftPackageReference "Alamofire" */,
			);
			productRefGroup = 83BA215527859543009F22FF /* Products */;
			projectDirPath = "";
			projectRoot = "";
			targets = (
				83BA215327859543009F22FF /* Movee-App */,
			);
		};
/* End PBXProject section */

/* Begin PBXResourcesBuildPhase section */
		83BA215227859543009F22FF /* Resources */ = {
			isa = PBXResourcesBuildPhase;
			buildActionMask = 2147483647;
			files = (
				83BA21702785B875009F22FF /* SplashScreen.storyboard in Resources */,
				83BA21612785954B009F22FF /* Assets.xcassets in Resources */,
				83BA215F27859543009F22FF /* PopularMovies.storyboard in Resources */,
			);
			runOnlyForDeploymentPostprocessing = 0;
		};
/* End PBXResourcesBuildPhase section */

/* Begin PBXSourcesBuildPhase section */
		83BA215027859543009F22FF /* Sources */ = {
			isa = PBXSourcesBuildPhase;
			buildActionMask = 2147483647;
			files = (
				83BA21812785C675009F22FF /* PopularMoviesCollectionViewCell.swift in Sources */,
				83BA215C27859543009F22FF /* ViewController.swift in Sources */,
				83BA21892785D6BD009F22FF /* PopularMoviesHeaderCollectionReusableView.swift in Sources */,
				83BA215827859543009F22FF /* AppDelegate.swift in Sources */,
				83BA215A27859543009F22FF /* SceneDelegate.swift in Sources */,
				8352F8322785E7D700A24BF7 /* DynamicStringNames.swift in Sources */,
			);
			runOnlyForDeploymentPostprocessing = 0;
		};
/* End PBXSourcesBuildPhase section */

/* Begin PBXVariantGroup section */
		83BA215D27859543009F22FF /* PopularMovies.storyboard */ = {
			isa = PBXVariantGroup;
			children = (
				83BA215E27859543009F22FF /* Base */,
			);
			name = PopularMovies.storyboard;
			sourceTree = "<group>";
		};
/* End PBXVariantGroup section */

/* Begin XCBuildConfiguration section */
		83BA21662785954B009F22FF /* Debug */ = {
			isa = XCBuildConfiguration;
			buildSettings = {
				ALWAYS_SEARCH_USER_PATHS = NO;
				CLANG_ANALYZER_NONNULL = YES;
				CLANG_ANALYZER_NUMBER_OBJECT_CONVERSION = YES_AGGRESSIVE;
				CLANG_CXX_LANGUAGE_STANDARD = "gnu++17";
				CLANG_CXX_LIBRARY = "libc++";
				CLANG_ENABLE_MODULES = YES;
				CLANG_ENABLE_OBJC_ARC = YES;
				CLANG_ENABLE_OBJC_WEAK = YES;
				CLANG_WARN_BLOCK_CAPTURE_AUTORELEASING = YES;
				CLANG_WARN_BOOL_CONVERSION = YES;
				CLANG_WARN_COMMA = YES;
				CLANG_WARN_CONSTANT_CONVERSION = YES;
				CLANG_WARN_DEPRECATED_OBJC_IMPLEMENTATIONS = YES;
				CLANG_WARN_DIRECT_OBJC_ISA_USAGE = YES_ERROR;
				CLANG_WARN_DOCUMENTATION_COMMENTS = YES;
				CLANG_WARN_EMPTY_BODY = YES;
				CLANG_WARN_ENUM_CONVERSION = YES;
				CLANG_WARN_INFINITE_RECURSION = YES;
				CLANG_WARN_INT_CONVERSION = YES;
				CLANG_WARN_NON_LITERAL_NULL_CONVERSION = YES;
				CLANG_WARN_OBJC_IMPLICIT_RETAIN_SELF = YES;
				CLANG_WARN_OBJC_LITERAL_CONVERSION = YES;
				CLANG_WARN_OBJC_ROOT_CLASS = YES_ERROR;
				CLANG_WARN_QUOTED_INCLUDE_IN_FRAMEWORK_HEADER = YES;
				CLANG_WARN_RANGE_LOOP_ANALYSIS = YES;
				CLANG_WARN_STRICT_PROTOTYPES = YES;
				CLANG_WARN_SUSPICIOUS_MOVE = YES;
				CLANG_WARN_UNGUARDED_AVAILABILITY = YES_AGGRESSIVE;
				CLANG_WARN_UNREACHABLE_CODE = YES;
				CLANG_WARN__DUPLICATE_METHOD_MATCH = YES;
				COPY_PHASE_STRIP = NO;
				DEBUG_INFORMATION_FORMAT = dwarf;
				ENABLE_STRICT_OBJC_MSGSEND = YES;
				ENABLE_TESTABILITY = YES;
				GCC_C_LANGUAGE_STANDARD = gnu11;
				GCC_DYNAMIC_NO_PIC = NO;
				GCC_NO_COMMON_BLOCKS = YES;
				GCC_OPTIMIZATION_LEVEL = 0;
				GCC_PREPROCESSOR_DEFINITIONS = (
					"DEBUG=1",
					"$(inherited)",
				);
				GCC_WARN_64_TO_32_BIT_CONVERSION = YES;
				GCC_WARN_ABOUT_RETURN_TYPE = YES_ERROR;
				GCC_WARN_UNDECLARED_SELECTOR = YES;
				GCC_WARN_UNINITIALIZED_AUTOS = YES_AGGRESSIVE;
				GCC_WARN_UNUSED_FUNCTION = YES;
				GCC_WARN_UNUSED_VARIABLE = YES;
				IPHONEOS_DEPLOYMENT_TARGET = 15.0;
				MTL_ENABLE_DEBUG_INFO = INCLUDE_SOURCE;
				MTL_FAST_MATH = YES;
				ONLY_ACTIVE_ARCH = YES;
				SDKROOT = iphoneos;
				SWIFT_ACTIVE_COMPILATION_CONDITIONS = DEBUG;
				SWIFT_OPTIMIZATION_LEVEL = "-Onone";
			};
			name = Debug;
		};
		83BA21672785954B009F22FF /* Release */ = {
			isa = XCBuildConfiguration;
			buildSettings = {
				ALWAYS_SEARCH_USER_PATHS = NO;
				CLANG_ANALYZER_NONNULL = YES;
				CLANG_ANALYZER_NUMBER_OBJECT_CONVERSION = YES_AGGRESSIVE;
				CLANG_CXX_LANGUAGE_STANDARD = "gnu++17";
				CLANG_CXX_LIBRARY = "libc++";
				CLANG_ENABLE_MODULES = YES;
				CLANG_ENABLE_OBJC_ARC = YES;
				CLANG_ENABLE_OBJC_WEAK = YES;
				CLANG_WARN_BLOCK_CAPTURE_AUTORELEASING = YES;
				CLANG_WARN_BOOL_CONVERSION = YES;
				CLANG_WARN_COMMA = YES;
				CLANG_WARN_CONSTANT_CONVERSION = YES;
				CLANG_WARN_DEPRECATED_OBJC_IMPLEMENTATIONS = YES;
				CLANG_WARN_DIRECT_OBJC_ISA_USAGE = YES_ERROR;
				CLANG_WARN_DOCUMENTATION_COMMENTS = YES;
				CLANG_WARN_EMPTY_BODY = YES;
				CLANG_WARN_ENUM_CONVERSION = YES;
				CLANG_WARN_INFINITE_RECURSION = YES;
				CLANG_WARN_INT_CONVERSION = YES;
				CLANG_WARN_NON_LITERAL_NULL_CONVERSION = YES;
				CLANG_WARN_OBJC_IMPLICIT_RETAIN_SELF = YES;
				CLANG_WARN_OBJC_LITERAL_CONVERSION = YES;
				CLANG_WARN_OBJC_ROOT_CLASS = YES_ERROR;
				CLANG_WARN_QUOTED_INCLUDE_IN_FRAMEWORK_HEADER = YES;
				CLANG_WARN_RANGE_LOOP_ANALYSIS = YES;
				CLANG_WARN_STRICT_PROTOTYPES = YES;
				CLANG_WARN_SUSPICIOUS_MOVE = YES;
				CLANG_WARN_UNGUARDED_AVAILABILITY = YES_AGGRESSIVE;
				CLANG_WARN_UNREACHABLE_CODE = YES;
				CLANG_WARN__DUPLICATE_METHOD_MATCH = YES;
				COPY_PHASE_STRIP = NO;
				DEBUG_INFORMATION_FORMAT = "dwarf-with-dsym";
				ENABLE_NS_ASSERTIONS = NO;
				ENABLE_STRICT_OBJC_MSGSEND = YES;
				GCC_C_LANGUAGE_STANDARD = gnu11;
				GCC_NO_COMMON_BLOCKS = YES;
				GCC_WARN_64_TO_32_BIT_CONVERSION = YES;
				GCC_WARN_ABOUT_RETURN_TYPE = YES_ERROR;
				GCC_WARN_UNDECLARED_SELECTOR = YES;
				GCC_WARN_UNINITIALIZED_AUTOS = YES_AGGRESSIVE;
				GCC_WARN_UNUSED_FUNCTION = YES;
				GCC_WARN_UNUSED_VARIABLE = YES;
				IPHONEOS_DEPLOYMENT_TARGET = 15.0;
				MTL_ENABLE_DEBUG_INFO = NO;
				MTL_FAST_MATH = YES;
				SDKROOT = iphoneos;
				SWIFT_COMPILATION_MODE = wholemodule;
				SWIFT_OPTIMIZATION_LEVEL = "-O";
				VALIDATE_PRODUCT = YES;
			};
			name = Release;
		};
		83BA21692785954B009F22FF /* Debug */ = {
			isa = XCBuildConfiguration;
			buildSettings = {
				ASSETCATALOG_COMPILER_APPICON_NAME = AppIcon;
				ASSETCATALOG_COMPILER_GLOBAL_ACCENT_COLOR_NAME = AccentColor;
				CODE_SIGN_STYLE = Automatic;
				CURRENT_PROJECT_VERSION = 1;
				DEVELOPMENT_TEAM = 579DA4NVH6;
				GENERATE_INFOPLIST_FILE = YES;
				INFOPLIST_FILE = "Movee-App/Info.plist";
				INFOPLIST_KEY_UIApplicationSupportsIndirectInputEvents = YES;
				INFOPLIST_KEY_UILaunchStoryboardName = SplashScreen;
				INFOPLIST_KEY_UIMainStoryboardFile = PopularMovies;
				INFOPLIST_KEY_UISupportedInterfaceOrientations_iPad = "UIInterfaceOrientationPortrait UIInterfaceOrientationPortraitUpsideDown UIInterfaceOrientationLandscapeLeft UIInterfaceOrientationLandscapeRight";
				INFOPLIST_KEY_UISupportedInterfaceOrientations_iPhone = "UIInterfaceOrientationPortrait UIInterfaceOrientationLandscapeLeft UIInterfaceOrientationLandscapeRight";
				LD_RUNPATH_SEARCH_PATHS = (
					"$(inherited)",
					"@executable_path/Frameworks",
				);
				MARKETING_VERSION = 1.0;
				PRODUCT_BUNDLE_IDENTIFIER = "artunerol.Movee-App";
				PRODUCT_NAME = "$(TARGET_NAME)";
				SWIFT_EMIT_LOC_STRINGS = YES;
				SWIFT_VERSION = 5.0;
				TARGETED_DEVICE_FAMILY = "1,2";
			};
			name = Debug;
		};
		83BA216A2785954B009F22FF /* Release */ = {
			isa = XCBuildConfiguration;
			buildSettings = {
				ASSETCATALOG_COMPILER_APPICON_NAME = AppIcon;
				ASSETCATALOG_COMPILER_GLOBAL_ACCENT_COLOR_NAME = AccentColor;
				CODE_SIGN_STYLE = Automatic;
				CURRENT_PROJECT_VERSION = 1;
				DEVELOPMENT_TEAM = 579DA4NVH6;
				GENERATE_INFOPLIST_FILE = YES;
				INFOPLIST_FILE = "Movee-App/Info.plist";
				INFOPLIST_KEY_UIApplicationSupportsIndirectInputEvents = YES;
				INFOPLIST_KEY_UILaunchStoryboardName = SplashScreen;
				INFOPLIST_KEY_UIMainStoryboardFile = PopularMovies;
				INFOPLIST_KEY_UISupportedInterfaceOrientations_iPad = "UIInterfaceOrientationPortrait UIInterfaceOrientationPortraitUpsideDown UIInterfaceOrientationLandscapeLeft UIInterfaceOrientationLandscapeRight";
				INFOPLIST_KEY_UISupportedInterfaceOrientations_iPhone = "UIInterfaceOrientationPortrait UIInterfaceOrientationLandscapeLeft UIInterfaceOrientationLandscapeRight";
				LD_RUNPATH_SEARCH_PATHS = (
					"$(inherited)",
					"@executable_path/Frameworks",
				);
				MARKETING_VERSION = 1.0;
				PRODUCT_BUNDLE_IDENTIFIER = "artunerol.Movee-App";
				PRODUCT_NAME = "$(TARGET_NAME)";
				SWIFT_EMIT_LOC_STRINGS = YES;
				SWIFT_VERSION = 5.0;
				TARGETED_DEVICE_FAMILY = "1,2";
			};
			name = Release;
		};
/* End XCBuildConfiguration section */

/* Begin XCConfigurationList section */
		83BA214F27859543009F22FF /* Build configuration list for PBXProject "Movee-App" */ = {
			isa = XCConfigurationList;
			buildConfigurations = (
				83BA21662785954B009F22FF /* Debug */,
				83BA21672785954B009F22FF /* Release */,
			);
			defaultConfigurationIsVisible = 0;
			defaultConfigurationName = Release;
		};
		83BA21682785954B009F22FF /* Build configuration list for PBXNativeTarget "Movee-App" */ = {
			isa = XCConfigurationList;
			buildConfigurations = (
				83BA21692785954B009F22FF /* Debug */,
				83BA216A2785954B009F22FF /* Release */,
			);
			defaultConfigurationIsVisible = 0;
			defaultConfigurationName = Release;
		};
/* End XCConfigurationList section */

/* Begin XCRemoteSwiftPackageReference section */
		83BA216B2785B7FF009F22FF /* XCRemoteSwiftPackageReference "Alamofire" */ = {
			isa = XCRemoteSwiftPackageReference;
			repositoryURL = "https://github.com/Alamofire/Alamofire.git";
			requirement = {
				kind = upToNextMajorVersion;
				minimumVersion = 5.0.0;
			};
		};
/* End XCRemoteSwiftPackageReference section */

/* Begin XCSwiftPackageProductDependency section */
		83BA216C2785B7FF009F22FF /* Alamofire */ = {
			isa = XCSwiftPackageProductDependency;
			package = 83BA216B2785B7FF009F22FF /* XCRemoteSwiftPackageReference "Alamofire" */;
			productName = Alamofire;
		};
/* End XCSwiftPackageProductDependency section */
	};
	rootObject = 83BA214C27859543009F22FF /* Project object */;
}
